
Microsoft Visual Studio Solution File, Format Version 12.00
# Visual Studio Version 17
VisualStudioVersion = 17.2.32519.379
MinimumVisualStudioVersion = 10.0.40219.1
Project("{9A19103F-16F7-4668-BE54-9A1E7A4F7556}") = "day 11 and 12 prorams", "day 11 and 12 prorams\day 11 and 12 prorams.csproj", "{5875A00D-7D77-4BFC-8DA9-C37E9B7806E7}"
EndProject
Project("{9A19103F-16F7-4668-BE54-9A1E7A4F7556}") = "StockAccountUsingLinkedListCompanyShares", "StockAccountUsingLinkedListCompanyShares\StockAccountUsingLinkedListCompanyShares.csproj", "{026BC6E3-5546-469A-BEB5-03CC8DE4FA37}"
EndProject
Project("{9A19103F-16F7-4668-BE54-9A1E7A4F7556}") = "StockAccountUsingQueueTransactions", "StockAccountUsingQueueTransactions\StockAccountUsingQueueTransactions.csproj", "{472B1B15-A033-4F21-82B2-0DCA2B7C12AE}"
EndProject
Project("{9A19103F-16F7-4668-BE54-9A1E7A4F7556}") = "StockAccountUsingStackTransactions", "StockAccountUsingStackTransactions\StockAccountUsingStackTransactions.csproj", "{D04F3573-F83B-4921-A76B-85929606B0C6}"
EndProject
Project("{FAE04EC0-301F-11D3-BF4B-00C04F79EFBC}") = "inventoryManager", "inventoryManager\inventoryManager.csproj", "{536D354B-EA81-4838-8601-269986D9CB03}"
EndProject
Project("{FAE04EC0-301F-11D3-BF4B-00C04F79EFBC}") = "CardOfDecksQueueSorted", "CardOfDecksQueueSorted\CardOfDecksQueueSorted.csproj", "{D6F60532-8824-43A3-9865-F5F1EAF21C3E}"
EndProject
Global
	GlobalSection(SolutionConfigurationPlatforms) = preSolution
		Debug|Any CPU = Debug|Any CPU
		Release|Any CPU = Release|Any CPU
	EndGlobalSection
	GlobalSection(ProjectConfigurationPlatforms) = postSolution
		{5875A00D-7D77-4BFC-8DA9-C37E9B7806E7}.Debug|Any CPU.ActiveCfg = Debug|Any CPU
		{5875A00D-7D77-4BFC-8DA9-C37E9B7806E7}.Debug|Any CPU.Build.0 = Debug|Any CPU
		{5875A00D-7D77-4BFC-8DA9-C37E9B7806E7}.Release|Any CPU.ActiveCfg = Release|Any CPU
		{5875A00D-7D77-4BFC-8DA9-C37E9B7806E7}.Release|Any CPU.Build.0 = Release|Any CPU
		{026BC6E3-5546-469A-BEB5-03CC8DE4FA37}.Debug|Any CPU.ActiveCfg = Debug|Any CPU
		{026BC6E3-5546-469A-BEB5-03CC8DE4FA37}.Debug|Any CPU.Build.0 = Debug|Any CPU
		{026BC6E3-5546-469A-BEB5-03CC8DE4FA37}.Release|Any CPU.ActiveCfg = Release|Any CPU
		{026BC6E3-5546-469A-BEB5-03CC8DE4FA37}.Release|Any CPU.Build.0 = Release|Any CPU
		{472B1B15-A033-4F21-82B2-0DCA2B7C12AE}.Debug|Any CPU.ActiveCfg = Debug|Any CPU
		{472B1B15-A033-4F21-82B2-0DCA2B7C12AE}.Debug|Any CPU.Build.0 = Debug|Any CPU
		{472B1B15-A033-4F21-82B2-0DCA2B7C12AE}.Release|Any CPU.ActiveCfg = Release|Any CPU
		{472B1B15-A033-4F21-82B2-0DCA2B7C12AE}.Release|Any CPU.Build.0 = Release|Any CPU
		{D04F3573-F83B-4921-A76B-85929606B0C6}.Debug|Any CPU.ActiveCfg = Debug|Any CPU
		{D04F3573-F83B-4921-A76B-85929606B0C6}.Debug|Any CPU.Build.0 = Debug|Any CPU
		{D04F3573-F83B-4921-A76B-85929606B0C6}.Release|Any CPU.ActiveCfg = Release|Any CPU
		{D04F3573-F83B-4921-A76B-85929606B0C6}.Release|Any CPU.Build.0 = Release|Any CPU
		{536D354B-EA81-4838-8601-269986D9CB03}.Debug|Any CPU.ActiveCfg = Debug|Any CPU
		{536D354B-EA81-4838-8601-269986D9CB03}.Debug|Any CPU.Build.0 = Debug|Any CPU
		{536D354B-EA81-4838-8601-269986D9CB03}.Release|Any CPU.ActiveCfg = Release|Any CPU
		{536D354B-EA81-4838-8601-269986D9CB03}.Release|Any CPU.Build.0 = Release|Any CPU
		{D6F60532-8824-43A3-9865-F5F1EAF21C3E}.Debug|Any CPU.ActiveCfg = Debug|Any CPU
		{D6F60532-8824-43A3-9865-F5F1EAF21C3E}.Debug|Any CPU.Build.0 = Debug|Any CPU
		{D6F60532-8824-43A3-9865-F5F1EAF21C3E}.Release|Any CPU.ActiveCfg = Release|Any CPU
		{D6F60532-8824-43A3-9865-F5F1EAF21C3E}.Release|Any CPU.Build.0 = Release|Any CPU
	EndGlobalSection
	GlobalSection(SolutionProperties) = preSolution
		HideSolutionNode = FALSE
	EndGlobalSection
	GlobalSection(ExtensibilityGlobals) = postSolution
		SolutionGuid = {61F77F98-A9E1-4294-AEC7-12EC636EAEB3}
	EndGlobalSection
EndGlobal
